
Microsoft Visual Studio Solution File, Format Version 12.00
# Visual Studio 15
VisualStudioVersion = 15.0.27130.2027
MinimumVisualStudioVersion = 10.0.40219.1
Project("{FAE04EC0-301F-11D3-BF4B-00C04F79EFBC}") = "Dijskstra", "Dijskstra\Dijskstra.csproj", "{FEDDD2A0-BC07-4A68-A90C-434D91963443}"
EndProject
Global
	GlobalSection(SolutionConfigurationPlatforms) = preSolution
		Debug|Any CPU = Debug|Any CPU
		Release|Any CPU = Release|Any CPU
	EndGlobalSection
	GlobalSection(ProjectConfigurationPlatforms) = postSolution
		{FEDDD2A0-BC07-4A68-A90C-434D91963443}.Debug|Any CPU.ActiveCfg = Debug|Any CPU
		{FEDDD2A0-BC07-4A68-A90C-434D91963443}.Debug|Any CPU.Build.0 = Debug|Any CPU
		{FEDDD2A0-BC07-4A68-A90C-434D91963443}.Release|Any CPU.ActiveCfg = Release|Any CPU
		{FEDDD2A0-BC07-4A68-A90C-434D91963443}.Release|Any CPU.Build.0 = Release|Any CPU
	EndGlobalSection
	GlobalSection(SolutionProperties) = preSolution
		HideSolutionNode = FALSE
	EndGlobalSection
	GlobalSection(ExtensibilityGlobals) = postSolution
		SolutionGuid = {4DE9FDF9-A957-4102-BA75-3939036CAFD5}
	EndGlobalSection
EndGlobal
